{
  "version": 4,
  "terraform_version": "1.7.4",
  "serial": 179,
  "lineage": "b3f473f5-60d0-9d93-3e33-265caaa10fa4",
  "outputs": {
    "kubernetes_cluster_host": {
      "value": "10.13.0.2",
      "type": "string"
    },
    "kubernetes_cluster_name": {
      "value": "deel-cluster",
      "type": "string"
    }
  },
  "resources": [
    {
      "mode": "managed",
      "type": "google_compute_address",
      "name": "my_internal_ip_addr",
      "provider": "provider[\"registry.terraform.io/hashicorp/google\"]",
      "instances": [
        {
          "schema_version": 0,
          "attributes": {
            "address": "10.0.0.7",
            "address_type": "INTERNAL",
            "creation_timestamp": "2024-09-05T03:16:24.382-07:00",
            "description": "An internal IP address for my jump host",
            "id": "projects/deel-home-task-1/regions/us-east5/addresses/deel-jump-server",
            "name": "deel-jump-server",
            "network": "",
            "network_tier": "PREMIUM",
            "prefix_length": 0,
            "project": "deel-home-task-1",
            "purpose": "GCE_ENDPOINT",
            "region": "us-east5",
            "self_link": "https://www.googleapis.com/compute/v1/projects/deel-home-task-1/regions/us-east5/addresses/deel-jump-server",
            "subnetwork": "https://www.googleapis.com/compute/v1/projects/deel-home-task-1/regions/us-east5/subnetworks/deel-subnet",
            "timeouts": null,
            "users": []
          },
          "sensitive_attributes": [],
          "private": "eyJlMmJmYjczMC1lY2FhLTExZTYtOGY4OC0zNDM2M2JjN2M0YzAiOnsiY3JlYXRlIjoyNDAwMDAwMDAwMDAsImRlbGV0ZSI6MjQwMDAwMDAwMDAwfX0="
        }
      ]
    },
    {
      "mode": "managed",
      "type": "google_compute_firewall",
      "name": "rules",
      "provider": "provider[\"registry.terraform.io/hashicorp/google\"]",
      "instances": [
        {
          "schema_version": 1,
          "attributes": {
            "allow": [
              {
                "ports": [
                  "22"
                ],
                "protocol": "tcp"
              }
            ],
            "creation_timestamp": "2024-09-05T03:16:23.958-07:00",
            "deny": [],
            "description": "",
            "destination_ranges": [],
            "direction": "INGRESS",
            "disabled": false,
            "enable_logging": null,
            "id": "projects/deel-home-task-1/global/firewalls/allow-ssh",
            "log_config": [],
            "name": "allow-ssh",
            "network": "https://www.googleapis.com/compute/v1/projects/deel-home-task-1/global/networks/deel-vpc",
            "priority": 1000,
            "project": "deel-home-task-1",
            "self_link": "https://www.googleapis.com/compute/v1/projects/deel-home-task-1/global/firewalls/allow-ssh",
            "source_ranges": [
              "35.235.240.0/20"
            ],
            "source_service_accounts": [],
            "source_tags": [],
            "target_service_accounts": [],
            "target_tags": [],
            "timeouts": null
          },
          "sensitive_attributes": [],
          "private": "eyJlMmJmYjczMC1lY2FhLTExZTYtOGY4OC0zNDM2M2JjN2M0YzAiOnsiY3JlYXRlIjoyNDAwMDAwMDAwMDAsImRlbGV0ZSI6MjQwMDAwMDAwMDAwLCJ1cGRhdGUiOjI0MDAwMDAwMDAwMH0sInNjaGVtYV92ZXJzaW9uIjoiMSJ9"
        }
      ]
    },
    {
      "mode": "managed",
      "type": "google_compute_network",
      "name": "vpc",
      "provider": "provider[\"registry.terraform.io/hashicorp/google\"]",
      "instances": [
        {
          "schema_version": 0,
          "attributes": {
            "auto_create_subnetworks": false,
            "delete_default_routes_on_create": false,
            "description": "",
            "gateway_ipv4": "",
            "id": "projects/deel-home-task-1/global/networks/deel-vpc",
            "mtu": 0,
            "name": "deel-vpc",
            "project": "deel-home-task-1",
            "routing_mode": "REGIONAL",
            "self_link": "https://www.googleapis.com/compute/v1/projects/deel-home-task-1/global/networks/deel-vpc",
            "timeouts": null
          },
          "sensitive_attributes": [],
          "private": "eyJlMmJmYjczMC1lY2FhLTExZTYtOGY4OC0zNDM2M2JjN2M0YzAiOnsiY3JlYXRlIjoyNDAwMDAwMDAwMDAsImRlbGV0ZSI6MjQwMDAwMDAwMDAwLCJ1cGRhdGUiOjI0MDAwMDAwMDAwMH19"
        }
      ]
    },
    {
      "mode": "managed",
      "type": "google_compute_router",
      "name": "router",
      "provider": "provider[\"registry.terraform.io/hashicorp/google\"]",
      "instances": [
        {
          "schema_version": 0,
          "attributes": {
            "bgp": [],
            "creation_timestamp": "2024-09-05T03:16:24.492-07:00",
            "description": "",
            "encrypted_interconnect_router": false,
            "id": "projects/deel-home-task-1/regions/us-east5/routers/nat-router",
            "name": "nat-router",
            "network": "https://www.googleapis.com/compute/v1/projects/deel-home-task-1/global/networks/deel-vpc",
            "project": "deel-home-task-1",
            "region": "us-east5",
            "self_link": "https://www.googleapis.com/compute/v1/projects/deel-home-task-1/regions/us-east5/routers/nat-router",
            "timeouts": null
          },
          "sensitive_attributes": [],
          "private": "eyJlMmJmYjczMC1lY2FhLTExZTYtOGY4OC0zNDM2M2JjN2M0YzAiOnsiY3JlYXRlIjoyNDAwMDAwMDAwMDAsImRlbGV0ZSI6MjQwMDAwMDAwMDAwLCJ1cGRhdGUiOjI0MDAwMDAwMDAwMH19"
        }
      ]
    },
    {
      "mode": "managed",
      "type": "google_compute_subnetwork",
      "name": "subnet",
      "provider": "provider[\"registry.terraform.io/hashicorp/google\"]",
      "instances": [
        {
          "schema_version": 0,
          "attributes": {
            "creation_timestamp": "2024-09-05T03:15:24.370-07:00",
            "description": "",
            "external_ipv6_prefix": "",
            "fingerprint": null,
            "gateway_address": "10.0.0.1",
            "id": "projects/deel-home-task-1/regions/us-east5/subnetworks/deel-subnet",
            "ip_cidr_range": "10.0.0.0/24",
            "ipv6_access_type": "",
            "ipv6_cidr_range": "",
            "log_config": [],
            "name": "deel-subnet",
            "network": "https://www.googleapis.com/compute/v1/projects/deel-home-task-1/global/networks/deel-vpc",
            "private_ip_google_access": false,
            "private_ipv6_google_access": "DISABLE_GOOGLE_ACCESS",
            "project": "deel-home-task-1",
            "purpose": "PRIVATE",
            "region": "us-east5",
            "role": "",
            "secondary_ip_range": [
              {
                "ip_cidr_range": "10.12.0.0/21",
                "range_name": "gke-deel-cluster-services-9023ac72"
              },
              {
                "ip_cidr_range": "10.11.0.0/21",
                "range_name": "gke-deel-cluster-pods-9023ac72"
              }
            ],
            "self_link": "https://www.googleapis.com/compute/v1/projects/deel-home-task-1/regions/us-east5/subnetworks/deel-subnet",
            "stack_type": "IPV4_ONLY",
            "timeouts": null
          },
          "sensitive_attributes": [],
          "private": "eyJlMmJmYjczMC1lY2FhLTExZTYtOGY4OC0zNDM2M2JjN2M0YzAiOnsiY3JlYXRlIjozNjAwMDAwMDAwMDAsImRlbGV0ZSI6MzYwMDAwMDAwMDAwLCJ1cGRhdGUiOjM2MDAwMDAwMDAwMH19",
          "dependencies": [
            "google_compute_network.vpc"
          ]
        }
      ]
    },
    {
      "mode": "managed",
      "type": "google_container_cluster",
      "name": "primary",
      "provider": "provider[\"registry.terraform.io/hashicorp/google\"]",
      "instances": [
        {
          "schema_version": 1,
          "attributes": {
            "addons_config": [
              {
                "cloudrun_config": [],
                "horizontal_pod_autoscaling": [],
                "http_load_balancing": [],
                "network_policy_config": [
                  {
                    "disabled": true
                  }
                ]
              }
            ],
            "authenticator_groups_config": [],
            "cluster_autoscaling": [
              {
                "auto_provisioning_defaults": [],
                "enabled": false,
                "resource_limits": []
              }
            ],
            "cluster_ipv4_cidr": "10.11.0.0/21",
            "confidential_nodes": [],
            "database_encryption": [
              {
                "key_name": "",
                "state": "DECRYPTED"
              }
            ],
            "datapath_provider": "",
            "default_max_pods_per_node": 110,
            "default_snat_status": [
              {
                "disabled": false
              }
            ],
            "description": "",
            "dns_config": [],
            "enable_autopilot": false,
            "enable_binary_authorization": false,
            "enable_intranode_visibility": false,
            "enable_kubernetes_alpha": false,
            "enable_legacy_abac": false,
            "enable_shielded_nodes": true,
            "enable_tpu": false,
            "endpoint": "10.13.0.2",
            "id": "projects/deel-home-task-1/locations/us-east5-a/clusters/deel-cluster",
            "initial_node_count": 1,
            "ip_allocation_policy": [
              {
                "cluster_ipv4_cidr_block": "10.11.0.0/21",
                "cluster_secondary_range_name": "gke-deel-cluster-pods-9023ac72",
                "services_ipv4_cidr_block": "10.12.0.0/21",
                "services_secondary_range_name": "gke-deel-cluster-services-9023ac72"
              }
            ],
            "label_fingerprint": "a9dc16a7",
            "location": "us-east5-a",
            "logging_config": [
              {
                "enable_components": [
                  "SYSTEM_COMPONENTS",
                  "WORKLOADS"
                ]
              }
            ],
            "logging_service": "logging.googleapis.com/kubernetes",
            "maintenance_policy": [],
            "master_auth": [
              {
                "client_certificate": "",
                "client_certificate_config": [
                  {
                    "issue_client_certificate": false
                  }
                ],
                "client_key": "",
                "cluster_ca_certificate": "LS0tLS1CRUdJTiBDRVJUSUZJQ0FURS0tLS0tCk1JSUVMVENDQXBXZ0F3SUJBZ0lSQVBraVJtSjgyem83dWgxNkQ0TEFVTGN3RFFZSktvWklodmNOQVFFTEJRQXcKTHpFdE1Dc0dBMVVFQXhNa01USXlOV1ZpWW1JdE1EQXhOQzAwWWpSbUxUbGxPRFl0TTJRellUVmxNamhoTmpaawpNQ0FYRFRJME1Ea3dOVEE1TXpjeE5Wb1lEekl3TlRRd09ESTVNVEF6TnpFMVdqQXZNUzB3S3dZRFZRUURFeVF4Ck1qSTFaV0ppWWkwd01ERTBMVFJpTkdZdE9XVTROaTB6WkROaE5XVXlPR0UyTm1Rd2dnR2lNQTBHQ1NxR1NJYjMKRFFFQkFRVUFBNElCandBd2dnR0tBb0lCZ1FEbFBaWlBqU0twckwxS3RIMVJ4TXZROFB4UFAvR3Y2R1JNd014KwpVUFBwRG5YY1AyYU9WNG9LdjdDTGZydzdsaVhPbk9rU2phZzRRNkphWUJFTW5QOUQ4ZXFxZlMxOHpySGVBVWRqCmJUUUIva1FrOG1KTERzVDRuZ1AzcUFOQ3JEbTFackRpdG1SaGpYL3NsYVhsTEY1b1NzRTNEazEzeW1pckVTeW8KSlZ0ZDJnMlNJVDJrY1Y4LzVwRzFaK2g4MndUQzQyVXFJanJGOHp3bmpSNUptczluQWtRanZzNVlmemRyOHlHUQorcjNWUWhVaDdRVlZ4U1E3WEgzS3c4R3BRZDlVSXl5c2o0UU9kSUxHMmRuMklUMkZKemV5RjkrS29TYjR0TUY4Cjk5QnNRQjlwQWNxZnRFWkdmaUVZRWJFbW1RWWdJN0toQjlXMWRPalJsMUJGdjIvVm1LVVpNV0NteGhIbUdpVW0KUnZaQUVibVZveTJ5V2NyYkE2YjRyR05Tb1pyY0FIalhOOTRWOXk4SW5hWi81aXB6Nk4yVnA2US9ZWGdBOEFxbwozYWZQUlhxaStoeC9sNlZNYWEvTE4weFBNNjA2MmdDYnVIVGJJSUpxQnlxTm12TUxsYzdZLzRzRkw4eXVSeFo5CnhMcnFQbVNKWUZiSDg1ejk4YnFGREE5MkFBY0NBd0VBQWFOQ01FQXdEZ1lEVlIwUEFRSC9CQVFEQWdJRU1BOEcKQTFVZEV3RUIvd1FGTUFNQkFmOHdIUVlEVlIwT0JCWUVGTG9MOFJBK1FwN3lIeXRneTA3bU5iWGFlNXdoTUEwRwpDU3FHU0liM0RRRUJDd1VBQTRJQmdRQmdLT2NXZUlRZVJtcVRqdFZnUzFpSEluU0p0dlcveVBXMlZxTWNtU2syCmVIazRzL3dTMjdqVzY2UUllVCtJRnBGa3BOeit0R1ltdmt3M05vdzJuTm8xMXNVMFh0MlRRS0MwWjJRZFg5ZS8KWTF0NVB1aE0vVzh3M1ZOR2Rrem1ROGNRUitXM2RzVUdPeHYybVNpd3NKc0V4V1JYTkFCR1d5RWs4bG1kcnZ1dwpYNjVNU1BEellqUFp2SkFnMWw4S3h6aWxFZUxSQkoyUkVaa3NJRGlBc1I2a0k4V2REOHgrKzJ1M2Z2ZlJlclpFCjFxSUZTa0pUSTN3Q2I5ZGdTT3NIMEpOVG9KQjZsSXE2M0dOaXNEdHBFTElHZ1FVQ2VzOXg1VGhkbEwxRGpNWEgKZ1NYelZ5Z2VUSEs4MmVXQW1yanhYUWhGWHNySWJNNHRtb3JRdGJXdHpRRlpVbXV3cmVITFdsTmJzWTc4UXpBbwpDc21HbnRYWjFYOE1wZENlMnRXR0JGYktMVjl4eStWSlZIWXorS0pEWnA0R2xINXdYV0VPVXpYQVFwK3hveUc4ClA3QjBnMHRMRSs2NG9TYmZUbldqN2hFbkp1eEVKSEtoR0VqM0dDU24ydm43ZEVoK1d0ampIK3JzcVVzME85RGIKZWhOcTJ3Q3BXM0JUQ2JXcFFONFlrWm89Ci0tLS0tRU5EIENFUlRJRklDQVRFLS0tLS0K"
              }
            ],
            "master_authorized_networks_config": [
              {
                "cidr_blocks": [
                  {
                    "cidr_block": "10.0.0.7/32",
                    "display_name": "net1"
                  }
                ]
              }
            ],
            "master_version": "1.29.7-gke.1104000",
            "min_master_version": null,
            "monitoring_config": [
              {
                "enable_components": [
                  "SYSTEM_COMPONENTS",
                  "STORAGE",
                  "HPA",
                  "POD",
                  "DAEMONSET",
                  "DEPLOYMENT",
                  "STATEFULSET",
                  "CADVISOR",
                  "KUBELET"
                ]
              }
            ],
            "monitoring_service": "monitoring.googleapis.com/kubernetes",
            "name": "deel-cluster",
            "network": "projects/deel-home-task-1/global/networks/deel-vpc",
            "network_policy": [
              {
                "enabled": false,
                "provider": "PROVIDER_UNSPECIFIED"
              }
            ],
            "networking_mode": "VPC_NATIVE",
            "node_config": [],
            "node_locations": [],
            "node_pool": [],
            "node_version": "1.29.7-gke.1104000",
            "operation": null,
            "private_cluster_config": [
              {
                "enable_private_endpoint": true,
                "enable_private_nodes": true,
                "master_global_access_config": [
                  {
                    "enabled": false
                  }
                ],
                "master_ipv4_cidr_block": "10.13.0.0/28",
                "peering_name": "",
                "private_endpoint": "10.13.0.2",
                "public_endpoint": "34.162.214.237"
              }
            ],
            "private_ipv6_google_access": "",
            "project": "deel-home-task-1",
            "release_channel": [
              {
                "channel": "REGULAR"
              }
            ],
            "remove_default_node_pool": true,
            "resource_labels": {},
            "resource_usage_export_config": [],
            "self_link": "https://container.googleapis.com/v1/projects/deel-home-task-1/zones/us-east5-a/clusters/deel-cluster",
            "services_ipv4_cidr": "10.12.0.0/21",
            "subnetwork": "projects/deel-home-task-1/regions/us-east5/subnetworks/deel-subnet",
            "timeouts": null,
            "tpu_ipv4_cidr_block": "",
            "vertical_pod_autoscaling": [],
            "workload_identity_config": []
          },
          "sensitive_attributes": [],
          "private": "eyJlMmJmYjczMC1lY2FhLTExZTYtOGY4OC0zNDM2M2JjN2M0YzAiOnsiY3JlYXRlIjoyNDAwMDAwMDAwMDAwLCJkZWxldGUiOjI0MDAwMDAwMDAwMDAsInJlYWQiOjI0MDAwMDAwMDAwMDAsInVwZGF0ZSI6MzYwMDAwMDAwMDAwMH0sInNjaGVtYV92ZXJzaW9uIjoiMSJ9",
          "dependencies": [
            "google_compute_network.vpc",
            "google_compute_subnetwork.subnet"
          ]
        }
      ]
    },
    {
      "mode": "managed",
      "type": "google_container_node_pool",
      "name": "primary_nodes",
      "provider": "provider[\"registry.terraform.io/hashicorp/google\"]",
      "instances": [
        {
          "schema_version": 1,
          "attributes": {
            "autoscaling": [],
            "cluster": "deel-cluster",
            "id": "projects/deel-home-task-1/locations/us-east5-a/clusters/deel-cluster/nodePools/deel-cluster",
            "initial_node_count": 1,
            "instance_group_urls": [
              "https://www.googleapis.com/compute/v1/projects/deel-home-task-1/zones/us-east5-a/instanceGroupManagers/gke-deel-cluster-deel-cluster-f32c9c8f-grp"
            ],
            "location": "us-east5-a",
            "managed_instance_group_urls": [
              "https://www.googleapis.com/compute/v1/projects/deel-home-task-1/zones/us-east5-a/instanceGroups/gke-deel-cluster-deel-cluster-f32c9c8f-grp"
            ],
            "management": [
              {
                "auto_repair": true,
                "auto_upgrade": true
              }
            ],
            "max_pods_per_node": 110,
            "name": "deel-cluster",
            "name_prefix": "",
            "node_config": [
              {
                "boot_disk_kms_key": "",
                "disk_size_gb": 100,
                "disk_type": "pd-balanced",
                "gcfs_config": [],
                "guest_accelerator": [],
                "image_type": "COS_CONTAINERD",
                "labels": {
                  "env": "dev"
                },
                "local_ssd_count": 0,
                "machine_type": "n2-standard-2",
                "metadata": {
                  "disable-legacy-endpoints": "true"
                },
                "min_cpu_platform": "",
                "node_group": "",
                "oauth_scopes": [
                  "https://www.googleapis.com/auth/logging.write",
                  "https://www.googleapis.com/auth/monitoring"
                ],
                "preemptible": true,
                "service_account": "default",
                "shielded_instance_config": [
                  {
                    "enable_integrity_monitoring": true,
                    "enable_secure_boot": false
                  }
                ],
                "tags": null,
                "taint": [],
                "workload_metadata_config": []
              }
            ],
            "node_count": 1,
            "node_locations": [
              "us-east5-a"
            ],
            "operation": null,
            "project": "deel-home-task-1",
            "timeouts": null,
            "upgrade_settings": [
              {
                "max_surge": 1,
                "max_unavailable": 0
              }
            ],
            "version": "1.29.7-gke.1104000"
          },
          "sensitive_attributes": [],
          "private": "eyJlMmJmYjczMC1lY2FhLTExZTYtOGY4OC0zNDM2M2JjN2M0YzAiOnsiY3JlYXRlIjoxODAwMDAwMDAwMDAwLCJkZWxldGUiOjE4MDAwMDAwMDAwMDAsInVwZGF0ZSI6MTgwMDAwMDAwMDAwMH0sInNjaGVtYV92ZXJzaW9uIjoiMSJ9",
          "dependencies": [
            "google_compute_network.vpc",
            "google_compute_subnetwork.subnet",
            "google_container_cluster.primary"
          ]
        }
      ]
    },
    {
      "mode": "managed",
      "type": "google_project_iam_member",
      "name": "project",
      "provider": "provider[\"registry.terraform.io/hashicorp/google\"]",
      "instances": [
        {
          "schema_version": 0,
          "attributes": {
            "condition": [],
            "etag": "BwYhXJ0pMok=",
            "id": "deel-home-task-1/roles/iap.tunnelResourceAccessor/serviceAccount:gke-service@gke-saips.iam.gserviceaccount.com",
            "member": "serviceAccount:gke-service@gke-saips.iam.gserviceaccount.com",
            "project": "deel-home-task-1",
            "role": "roles/iap.tunnelResourceAccessor"
          },
          "sensitive_attributes": [],
          "private": "bnVsbA=="
        }
      ]
    },
    {
      "module": "module.cloud-nat",
      "mode": "managed",
      "type": "google_compute_router",
      "name": "router",
      "provider": "provider[\"registry.terraform.io/hashicorp/google\"]",
      "instances": []
    },
    {
      "module": "module.cloud-nat",
      "mode": "managed",
      "type": "google_compute_router_nat",
      "name": "main",
      "provider": "provider[\"registry.terraform.io/hashicorp/google\"]",
      "instances": [
        {
          "schema_version": 0,
          "attributes": {
            "drain_nat_ips": [],
            "enable_endpoint_independent_mapping": true,
            "icmp_idle_timeout_sec": 30,
            "id": "deel-home-task-1/us-east5/nat-router/nat-config",
            "log_config": [],
            "min_ports_per_vm": 64,
            "name": "nat-config",
            "nat_ip_allocate_option": "AUTO_ONLY",
            "nat_ips": [],
            "project": "deel-home-task-1",
            "region": "us-east5",
            "router": "nat-router",
            "source_subnetwork_ip_ranges_to_nat": "ALL_SUBNETWORKS_ALL_IP_RANGES",
            "subnetwork": [],
            "tcp_established_idle_timeout_sec": 1200,
            "tcp_transitory_idle_timeout_sec": 30,
            "timeouts": null,
            "udp_idle_timeout_sec": 30
          },
          "sensitive_attributes": [],
          "private": "eyJlMmJmYjczMC1lY2FhLTExZTYtOGY4OC0zNDM2M2JjN2M0YzAiOnsiY3JlYXRlIjo2MDAwMDAwMDAwMDAsImRlbGV0ZSI6NjAwMDAwMDAwMDAwLCJ1cGRhdGUiOjYwMDAwMDAwMDAwMH19",
          "dependencies": [
            "google_compute_router.router",
            "module.cloud-nat.google_compute_router.router",
            "module.cloud-nat.random_string.name_suffix"
          ]
        }
      ]
    },
    {
      "module": "module.cloud-nat",
      "mode": "managed",
      "type": "random_string",
      "name": "name_suffix",
      "provider": "provider[\"registry.terraform.io/hashicorp/random\"]",
      "instances": [
        {
          "schema_version": 2,
          "attributes": {
            "id": "juzdck",
            "keepers": null,
            "length": 6,
            "lower": true,
            "min_lower": 0,
            "min_numeric": 0,
            "min_special": 0,
            "min_upper": 0,
            "number": true,
            "numeric": true,
            "override_special": null,
            "result": "juzdck",
            "special": false,
            "upper": false
          },
          "sensitive_attributes": []
        }
      ]
    }
  ],
  "check_results": null
}
